<?xml version="1.0" encoding="utf-8"?>
<Project ToolsVersion="4.0" xmlns="http://schemas.microsoft.com/developer/msbuild/2003">
  <ItemGroup>
    <Filter Include="Source Files">
      <UniqueIdentifier>{4FC737F1-C7A5-4376-A066-2A32D752A2FF}</UniqueIdentifier>
      <Extensions>cpp;c;cc;cxx;c++;cppm;ixx;def;odl;idl;hpj;bat;asm;asmx</Extensions>
    </Filter>
    <Filter Include="Header Files">
      <UniqueIdentifier>{93995380-89BD-4b04-88EB-625FBE52EBFB}</UniqueIdentifier>
      <Extensions>h;hh;hpp;hxx;h++;hm;inl;inc;ipp;xsd</Extensions>
    </Filter>
    <Filter Include="Resource Files">
      <UniqueIdentifier>{67DA6AB6-F800-4c08-8B7A-83BB121AAD01}</UniqueIdentifier>
      <Extensions>rc;ico;cur;bmp;dlg;rc2;rct;bin;rgs;gif;jpg;jpeg;jpe;resx;tiff;tif;png;wav;mfcribbon-ms</Extensions>
    </Filter>
    <Filter Include="Inc">
      <UniqueIdentifier>{c22212ff-4979-4470-86be-04b835253c88}</UniqueIdentifier>
    </Filter>
    <Filter Include="Inc\ImGui">
      <UniqueIdentifier>{bb6a66c4-8476-4aba-b62a-20fdae3c4c2c}</UniqueIdentifier>
    </Filter>
    <Filter Include="Inc\stb">
      <UniqueIdentifier>{2a9f9941-41a8-46aa-9903-979957c3cc04}</UniqueIdentifier>
    </Filter>
    <Filter Include="Shaders">
      <UniqueIdentifier>{05f122fc-5f3b-4766-9400-234ad1c0d725}</UniqueIdentifier>
    </Filter>
  </ItemGroup>
  <ItemGroup>
    <ClCompile Include="Camera.cpp">
      <Filter>Source Files</Filter>
    </ClCompile>
    <ClCompile Include="d3dApp.cpp">
      <Filter>Source Files</Filter>
    </ClCompile>
    <ClCompile Include="d3dUtil.cpp">
      <Filter>Source Files</Filter>
    </ClCompile>
    <ClCompile Include="DDSTextureLoader.cpp">
      <Filter>Source Files</Filter>
    </ClCompile>
    <ClCompile Include="FrameResource.cpp">
      <Filter>Source Files</Filter>
    </ClCompile>
    <ClCompile Include="GameTimer.cpp">
      <Filter>Source Files</Filter>
    </ClCompile>
    <ClCompile Include="GeometryGenerator.cpp">
      <Filter>Source Files</Filter>
    </ClCompile>
    <ClCompile Include="main.cpp">
      <Filter>Source Files</Filter>
    </ClCompile>
    <ClCompile Include="MathHelper.cpp">
      <Filter>Source Files</Filter>
    </ClCompile>
    <ClCompile Include="Renderer.cpp">
      <Filter>Source Files</Filter>
    </ClCompile>
    <ClCompile Include="ShadowMap.cpp">
      <Filter>Source Files</Filter>
    </ClCompile>
    <ClCompile Include="Ssao.cpp">
      <Filter>Source Files</Filter>
    </ClCompile>
    <ClCompile Include="UIManager.cpp">
      <Filter>Source Files</Filter>
    </ClCompile>
    <ClCompile Include="include\imgui\imgui.cpp">
      <Filter>Inc\ImGui</Filter>
    </ClCompile>
    <ClCompile Include="include\imgui\imgui_demo.cpp">
      <Filter>Inc\ImGui</Filter>
    </ClCompile>
    <ClCompile Include="include\imgui\imgui_draw.cpp">
      <Filter>Inc\ImGui</Filter>
    </ClCompile>
    <ClCompile Include="include\imgui\imgui_tables.cpp">
      <Filter>Inc\ImGui</Filter>
    </ClCompile>
    <ClCompile Include="include\imgui\imgui_widgets.cpp">
      <Filter>Inc\ImGui</Filter>
    </ClCompile>
    <ClCompile Include="include\imgui\backends\imgui_impl_dx12.cpp">
      <Filter>Inc\ImGui</Filter>
    </ClCompile>
    <ClCompile Include="include\imgui\backends\imgui_impl_win32.cpp">
      <Filter>Inc\ImGui</Filter>
    </ClCompile>
    <ClCompile Include="include\imgui\misc\cpp\imgui_stdlib.cpp">
      <Filter>Inc\ImGui</Filter>
    </ClCompile>
    <ClCompile Include="LightManager.cpp">
      <Filter>Source Files</Filter>
    </ClCompile>
  </ItemGroup>
  <ItemGroup>
    <ClInclude Include="Camera.h">
      <Filter>Header Files</Filter>
    </ClInclude>
    <ClInclude Include="d3dApp.h">
      <Filter>Header Files</Filter>
    </ClInclude>
    <ClInclude Include="d3dUtil.h">
      <Filter>Header Files</Filter>
    </ClInclude>
    <ClInclude Include="d3dx12.h">
      <Filter>Header Files</Filter>
    </ClInclude>
    <ClInclude Include="DDSTextureLoader.h">
      <Filter>Header Files</Filter>
    </ClInclude>
    <ClInclude Include="DescriptorHeapAllocator.h">
      <Filter>Header Files</Filter>
    </ClInclude>
    <ClInclude Include="FrameResource.h">
      <Filter>Header Files</Filter>
    </ClInclude>
    <ClInclude Include="GameTimer.h">
      <Filter>Header Files</Filter>
    </ClInclude>
    <ClInclude Include="GeometryGenerator.h">
      <Filter>Header Files</Filter>
    </ClInclude>
    <ClInclude Include="MathHelper.h">
      <Filter>Header Files</Filter>
    </ClInclude>
    <ClInclude Include="Renderer.h">
      <Filter>Header Files</Filter>
    </ClInclude>
    <ClInclude Include="ShadowMap.h">
      <Filter>Header Files</Filter>
    </ClInclude>
    <ClInclude Include="Ssao.h">
      <Filter>Header Files</Filter>
    </ClInclude>
    <ClInclude Include="UIManager.h">
      <Filter>Header Files</Filter>
    </ClInclude>
    <ClInclude Include="UploadBuffer.h">
      <Filter>Header Files</Filter>
    </ClInclude>
    <ClInclude Include="include\imgui\imconfig.h">
      <Filter>Inc\ImGui</Filter>
    </ClInclude>
    <ClInclude Include="include\imgui\imgui.h">
      <Filter>Inc\ImGui</Filter>
    </ClInclude>
    <ClInclude Include="include\imgui\imgui_internal.h">
      <Filter>Inc\ImGui</Filter>
    </ClInclude>
    <ClInclude Include="include\imgui\imstb_rectpack.h">
      <Filter>Inc\ImGui</Filter>
    </ClInclude>
    <ClInclude Include="include\imgui\imstb_textedit.h">
      <Filter>Inc\ImGui</Filter>
    </ClInclude>
    <ClInclude Include="include\imgui\imstb_truetype.h">
      <Filter>Inc\ImGui</Filter>
    </ClInclude>
    <ClInclude Include="include\imgui\backends\imgui_impl_dx12.h">
      <Filter>Inc\ImGui</Filter>
    </ClInclude>
    <ClInclude Include="include\imgui\backends\imgui_impl_win32.h">
      <Filter>Inc\ImGui</Filter>
    </ClInclude>
    <ClInclude Include="include\imgui\misc\cpp\imgui_stdlib.h">
      <Filter>Inc\ImGui</Filter>
    </ClInclude>
    <ClInclude Include="include\imgui\misc\single_file\imgui_single_file.h">
      <Filter>Inc\ImGui</Filter>
    </ClInclude>
    <ClInclude Include="types.h">
      <Filter>Header Files</Filter>
    </ClInclude>
    <ClInclude Include="EngineCore.h">
      <Filter>Header Files</Filter>
    </ClInclude>
    <ClInclude Include="LightManager.h">
      <Filter>Header Files</Filter>
    </ClInclude>
    <ClInclude Include="OutputLog.h">
      <Filter>Header Files</Filter>
    </ClInclude>
  </ItemGroup>
  <ItemGroup>
    <None Include="imgui.ini">
      <Filter>Source Files</Filter>
    </None>
  </ItemGroup>
</Project>